
Microsoft Visual Studio Solution File, Format Version 12.00
# Visual Studio Version 16
VisualStudioVersion = 16.0.29613.14
MinimumVisualStudioVersion = 10.0.40219.1
Project("{FAE04EC0-301F-11D3-BF4B-00C04F79EFBC}") = "XFAppCenterPractice.UWP", "XFAppCenterPractice\XFAppCenterPractice.UWP\XFAppCenterPractice.UWP.csproj", "{61ED1C22-E700-4630-AA3F-0C392F12FDE4}"
EndProject
Project("{FAE04EC0-301F-11D3-BF4B-00C04F79EFBC}") = "XFAppCenterPractice.Android", "XFAppCenterPractice\XFAppCenterPractice.Android\XFAppCenterPractice.Android.csproj", "{18E57C36-1853-468C-AFF4-61E643FE6AD4}"
EndProject
Project("{FAE04EC0-301F-11D3-BF4B-00C04F79EFBC}") = "XFAppCenterPractice.iOS", "XFAppCenterPractice\XFAppCenterPractice.iOS\XFAppCenterPractice.iOS.csproj", "{9490EF30-F16F-4683-87D6-42ECF16BBC0A}"
EndProject
Project("{FAE04EC0-301F-11D3-BF4B-00C04F79EFBC}") = "XFAppCenterPractice", "XFAppCenterPractice\XFAppCenterPractice\XFAppCenterPractice.csproj", "{B804F04E-541E-4BEE-AD3F-306FC847C76F}"
EndProject
Global
	GlobalSection(SolutionConfigurationPlatforms) = preSolution
		Debug|Any CPU = Debug|Any CPU
		Debug|ARM = Debug|ARM
		Debug|iPhone = Debug|iPhone
		Debug|iPhoneSimulator = Debug|iPhoneSimulator
		Debug|x64 = Debug|x64
		Debug|x86 = Debug|x86
		Release|Any CPU = Release|Any CPU
		Release|ARM = Release|ARM
		Release|iPhone = Release|iPhone
		Release|iPhoneSimulator = Release|iPhoneSimulator
		Release|x64 = Release|x64
		Release|x86 = Release|x86
	EndGlobalSection
	GlobalSection(ProjectConfigurationPlatforms) = postSolution
		{61ED1C22-E700-4630-AA3F-0C392F12FDE4}.Debug|Any CPU.ActiveCfg = Debug|x86
		{61ED1C22-E700-4630-AA3F-0C392F12FDE4}.Debug|Any CPU.Build.0 = Debug|x86
		{61ED1C22-E700-4630-AA3F-0C392F12FDE4}.Debug|Any CPU.Deploy.0 = Debug|x86
		{61ED1C22-E700-4630-AA3F-0C392F12FDE4}.Debug|ARM.ActiveCfg = Debug|ARM
		{61ED1C22-E700-4630-AA3F-0C392F12FDE4}.Debug|ARM.Build.0 = Debug|ARM
		{61ED1C22-E700-4630-AA3F-0C392F12FDE4}.Debug|ARM.Deploy.0 = Debug|ARM
		{61ED1C22-E700-4630-AA3F-0C392F12FDE4}.Debug|iPhone.ActiveCfg = Debug|x86
		{61ED1C22-E700-4630-AA3F-0C392F12FDE4}.Debug|iPhone.Build.0 = Debug|x86
		{61ED1C22-E700-4630-AA3F-0C392F12FDE4}.Debug|iPhone.Deploy.0 = Debug|x86
		{61ED1C22-E700-4630-AA3F-0C392F12FDE4}.Debug|iPhoneSimulator.ActiveCfg = Debug|x86
		{61ED1C22-E700-4630-AA3F-0C392F12FDE4}.Debug|iPhoneSimulator.Build.0 = Debug|x86
		{61ED1C22-E700-4630-AA3F-0C392F12FDE4}.Debug|iPhoneSimulator.Deploy.0 = Debug|x86
		{61ED1C22-E700-4630-AA3F-0C392F12FDE4}.Debug|x64.ActiveCfg = Debug|x64
		{61ED1C22-E700-4630-AA3F-0C392F12FDE4}.Debug|x64.Build.0 = Debug|x64
		{61ED1C22-E700-4630-AA3F-0C392F12FDE4}.Debug|x64.Deploy.0 = Debug|x64
		{61ED1C22-E700-4630-AA3F-0C392F12FDE4}.Debug|x86.ActiveCfg = Debug|x86
		{61ED1C22-E700-4630-AA3F-0C392F12FDE4}.Debug|x86.Build.0 = Debug|x86
		{61ED1C22-E700-4630-AA3F-0C392F12FDE4}.Debug|x86.Deploy.0 = Debug|x86
		{61ED1C22-E700-4630-AA3F-0C392F12FDE4}.Release|Any CPU.ActiveCfg = Release|x86
		{61ED1C22-E700-4630-AA3F-0C392F12FDE4}.Release|Any CPU.Build.0 = Release|x86
		{61ED1C22-E700-4630-AA3F-0C392F12FDE4}.Release|Any CPU.Deploy.0 = Release|x86
		{61ED1C22-E700-4630-AA3F-0C392F12FDE4}.Release|ARM.ActiveCfg = Release|ARM
		{61ED1C22-E700-4630-AA3F-0C392F12FDE4}.Release|ARM.Build.0 = Release|ARM
		{61ED1C22-E700-4630-AA3F-0C392F12FDE4}.Release|ARM.Deploy.0 = Release|ARM
		{61ED1C22-E700-4630-AA3F-0C392F12FDE4}.Release|iPhone.ActiveCfg = Release|x86
		{61ED1C22-E700-4630-AA3F-0C392F12FDE4}.Release|iPhone.Build.0 = Release|x86
		{61ED1C22-E700-4630-AA3F-0C392F12FDE4}.Release|iPhone.Deploy.0 = Release|x86
		{61ED1C22-E700-4630-AA3F-0C392F12FDE4}.Release|iPhoneSimulator.ActiveCfg = Release|x86
		{61ED1C22-E700-4630-AA3F-0C392F12FDE4}.Release|iPhoneSimulator.Build.0 = Release|x86
		{61ED1C22-E700-4630-AA3F-0C392F12FDE4}.Release|iPhoneSimulator.Deploy.0 = Release|x86
		{61ED1C22-E700-4630-AA3F-0C392F12FDE4}.Release|x64.ActiveCfg = Release|x64
		{61ED1C22-E700-4630-AA3F-0C392F12FDE4}.Release|x64.Build.0 = Release|x64
		{61ED1C22-E700-4630-AA3F-0C392F12FDE4}.Release|x64.Deploy.0 = Release|x64
		{61ED1C22-E700-4630-AA3F-0C392F12FDE4}.Release|x86.ActiveCfg = Release|x86
		{61ED1C22-E700-4630-AA3F-0C392F12FDE4}.Release|x86.Build.0 = Release|x86
		{61ED1C22-E700-4630-AA3F-0C392F12FDE4}.Release|x86.Deploy.0 = Release|x86
		{18E57C36-1853-468C-AFF4-61E643FE6AD4}.Debug|Any CPU.ActiveCfg = Debug|Any CPU
		{18E57C36-1853-468C-AFF4-61E643FE6AD4}.Debug|Any CPU.Build.0 = Debug|Any CPU
		{18E57C36-1853-468C-AFF4-61E643FE6AD4}.Debug|Any CPU.Deploy.0 = Debug|Any CPU
		{18E57C36-1853-468C-AFF4-61E643FE6AD4}.Debug|ARM.ActiveCfg = Debug|Any CPU
		{18E57C36-1853-468C-AFF4-61E643FE6AD4}.Debug|ARM.Build.0 = Debug|Any CPU
		{18E57C36-1853-468C-AFF4-61E643FE6AD4}.Debug|ARM.Deploy.0 = Debug|Any CPU
		{18E57C36-1853-468C-AFF4-61E643FE6AD4}.Debug|iPhone.ActiveCfg = Debug|Any CPU
		{18E57C36-1853-468C-AFF4-61E643FE6AD4}.Debug|iPhone.Build.0 = Debug|Any CPU
		{18E57C36-1853-468C-AFF4-61E643FE6AD4}.Debug|iPhone.Deploy.0 = Debug|Any CPU
		{18E57C36-1853-468C-AFF4-61E643FE6AD4}.Debug|iPhoneSimulator.ActiveCfg = Debug|Any CPU
		{18E57C36-1853-468C-AFF4-61E643FE6AD4}.Debug|iPhoneSimulator.Build.0 = Debug|Any CPU
		{18E57C36-1853-468C-AFF4-61E643FE6AD4}.Debug|iPhoneSimulator.Deploy.0 = Debug|Any CPU
		{18E57C36-1853-468C-AFF4-61E643FE6AD4}.Debug|x64.ActiveCfg = Debug|Any CPU
		{18E57C36-1853-468C-AFF4-61E643FE6AD4}.Debug|x64.Build.0 = Debug|Any CPU
		{18E57C36-1853-468C-AFF4-61E643FE6AD4}.Debug|x64.Deploy.0 = Debug|Any CPU
		{18E57C36-1853-468C-AFF4-61E643FE6AD4}.Debug|x86.ActiveCfg = Debug|Any CPU
		{18E57C36-1853-468C-AFF4-61E643FE6AD4}.Debug|x86.Build.0 = Debug|Any CPU
		{18E57C36-1853-468C-AFF4-61E643FE6AD4}.Debug|x86.Deploy.0 = Debug|Any CPU
		{18E57C36-1853-468C-AFF4-61E643FE6AD4}.Release|Any CPU.ActiveCfg = Release|Any CPU
		{18E57C36-1853-468C-AFF4-61E643FE6AD4}.Release|Any CPU.Build.0 = Release|Any CPU
		{18E57C36-1853-468C-AFF4-61E643FE6AD4}.Release|Any CPU.Deploy.0 = Release|Any CPU
		{18E57C36-1853-468C-AFF4-61E643FE6AD4}.Release|ARM.ActiveCfg = Release|Any CPU
		{18E57C36-1853-468C-AFF4-61E643FE6AD4}.Release|ARM.Build.0 = Release|Any CPU
		{18E57C36-1853-468C-AFF4-61E643FE6AD4}.Release|ARM.Deploy.0 = Release|Any CPU
		{18E57C36-1853-468C-AFF4-61E643FE6AD4}.Release|iPhone.ActiveCfg = Release|Any CPU
		{18E57C36-1853-468C-AFF4-61E643FE6AD4}.Release|iPhone.Build.0 = Release|Any CPU
		{18E57C36-1853-468C-AFF4-61E643FE6AD4}.Release|iPhone.Deploy.0 = Release|Any CPU
		{18E57C36-1853-468C-AFF4-61E643FE6AD4}.Release|iPhoneSimulator.ActiveCfg = Release|Any CPU
		{18E57C36-1853-468C-AFF4-61E643FE6AD4}.Release|iPhoneSimulator.Build.0 = Release|Any CPU
		{18E57C36-1853-468C-AFF4-61E643FE6AD4}.Release|iPhoneSimulator.Deploy.0 = Release|Any CPU
		{18E57C36-1853-468C-AFF4-61E643FE6AD4}.Release|x64.ActiveCfg = Release|Any CPU
		{18E57C36-1853-468C-AFF4-61E643FE6AD4}.Release|x64.Build.0 = Release|Any CPU
		{18E57C36-1853-468C-AFF4-61E643FE6AD4}.Release|x64.Deploy.0 = Release|Any CPU
		{18E57C36-1853-468C-AFF4-61E643FE6AD4}.Release|x86.ActiveCfg = Release|Any CPU
		{18E57C36-1853-468C-AFF4-61E643FE6AD4}.Release|x86.Build.0 = Release|Any CPU
		{18E57C36-1853-468C-AFF4-61E643FE6AD4}.Release|x86.Deploy.0 = Release|Any CPU
		{9490EF30-F16F-4683-87D6-42ECF16BBC0A}.Debug|Any CPU.ActiveCfg = Debug|iPhone
		{9490EF30-F16F-4683-87D6-42ECF16BBC0A}.Debug|Any CPU.Build.0 = Debug|iPhone
		{9490EF30-F16F-4683-87D6-42ECF16BBC0A}.Debug|Any CPU.Deploy.0 = Debug|iPhone
		{9490EF30-F16F-4683-87D6-42ECF16BBC0A}.Debug|ARM.ActiveCfg = Debug|iPhoneSimulator
		{9490EF30-F16F-4683-87D6-42ECF16BBC0A}.Debug|ARM.Build.0 = Debug|iPhoneSimulator
		{9490EF30-F16F-4683-87D6-42ECF16BBC0A}.Debug|ARM.Deploy.0 = Debug|iPhoneSimulator
		{9490EF30-F16F-4683-87D6-42ECF16BBC0A}.Debug|iPhone.ActiveCfg = Debug|iPhone
		{9490EF30-F16F-4683-87D6-42ECF16BBC0A}.Debug|iPhone.Build.0 = Debug|iPhone
		{9490EF30-F16F-4683-87D6-42ECF16BBC0A}.Debug|iPhone.Deploy.0 = Debug|iPhone
		{9490EF30-F16F-4683-87D6-42ECF16BBC0A}.Debug|iPhoneSimulator.ActiveCfg = Debug|iPhoneSimulator
		{9490EF30-F16F-4683-87D6-42ECF16BBC0A}.Debug|iPhoneSimulator.Build.0 = Debug|iPhoneSimulator
		{9490EF30-F16F-4683-87D6-42ECF16BBC0A}.Debug|iPhoneSimulator.Deploy.0 = Debug|iPhoneSimulator
		{9490EF30-F16F-4683-87D6-42ECF16BBC0A}.Debug|x64.ActiveCfg = Debug|iPhone
		{9490EF30-F16F-4683-87D6-42ECF16BBC0A}.Debug|x64.Build.0 = Debug|iPhone
		{9490EF30-F16F-4683-87D6-42ECF16BBC0A}.Debug|x64.Deploy.0 = Debug|iPhone
		{9490EF30-F16F-4683-87D6-42ECF16BBC0A}.Debug|x86.ActiveCfg = Debug|iPhone
		{9490EF30-F16F-4683-87D6-42ECF16BBC0A}.Debug|x86.Build.0 = Debug|iPhone
		{9490EF30-F16F-4683-87D6-42ECF16BBC0A}.Debug|x86.Deploy.0 = Debug|iPhone
		{9490EF30-F16F-4683-87D6-42ECF16BBC0A}.Release|Any CPU.ActiveCfg = Release|iPhone
		{9490EF30-F16F-4683-87D6-42ECF16BBC0A}.Release|Any CPU.Build.0 = Release|iPhone
		{9490EF30-F16F-4683-87D6-42ECF16BBC0A}.Release|Any CPU.Deploy.0 = Release|iPhone
		{9490EF30-F16F-4683-87D6-42ECF16BBC0A}.Release|ARM.ActiveCfg = Release|iPhone
		{9490EF30-F16F-4683-87D6-42ECF16BBC0A}.Release|ARM.Build.0 = Release|iPhone
		{9490EF30-F16F-4683-87D6-42ECF16BBC0A}.Release|ARM.Deploy.0 = Release|iPhone
		{9490EF30-F16F-4683-87D6-42ECF16BBC0A}.Release|iPhone.ActiveCfg = Release|iPhone
		{9490EF30-F16F-4683-87D6-42ECF16BBC0A}.Release|iPhone.Build.0 = Release|iPhone
		{9490EF30-F16F-4683-87D6-42ECF16BBC0A}.Release|iPhone.Deploy.0 = Release|iPhone
		{9490EF30-F16F-4683-87D6-42ECF16BBC0A}.Release|iPhoneSimulator.ActiveCfg = Release|iPhoneSimulator
		{9490EF30-F16F-4683-87D6-42ECF16BBC0A}.Release|iPhoneSimulator.Build.0 = Release|iPhoneSimulator
		{9490EF30-F16F-4683-87D6-42ECF16BBC0A}.Release|iPhoneSimulator.Deploy.0 = Release|iPhoneSimulator
		{9490EF30-F16F-4683-87D6-42ECF16BBC0A}.Release|x64.ActiveCfg = Release|iPhone
		{9490EF30-F16F-4683-87D6-42ECF16BBC0A}.Release|x64.Build.0 = Release|iPhone
		{9490EF30-F16F-4683-87D6-42ECF16BBC0A}.Release|x64.Deploy.0 = Release|iPhone
		{9490EF30-F16F-4683-87D6-42ECF16BBC0A}.Release|x86.ActiveCfg = Release|iPhone
		{9490EF30-F16F-4683-87D6-42ECF16BBC0A}.Release|x86.Build.0 = Release|iPhone
		{9490EF30-F16F-4683-87D6-42ECF16BBC0A}.Release|x86.Deploy.0 = Release|iPhone
		{B804F04E-541E-4BEE-AD3F-306FC847C76F}.Debug|Any CPU.ActiveCfg = Debug|Any CPU
		{B804F04E-541E-4BEE-AD3F-306FC847C76F}.Debug|Any CPU.Build.0 = Debug|Any CPU
		{B804F04E-541E-4BEE-AD3F-306FC847C76F}.Debug|Any CPU.Deploy.0 = Debug|Any CPU
		{B804F04E-541E-4BEE-AD3F-306FC847C76F}.Debug|ARM.ActiveCfg = Debug|Any CPU
		{B804F04E-541E-4BEE-AD3F-306FC847C76F}.Debug|ARM.Build.0 = Debug|Any CPU
		{B804F04E-541E-4BEE-AD3F-306FC847C76F}.Debug|ARM.Deploy.0 = Debug|Any CPU
		{B804F04E-541E-4BEE-AD3F-306FC847C76F}.Debug|iPhone.ActiveCfg = Debug|Any CPU
		{B804F04E-541E-4BEE-AD3F-306FC847C76F}.Debug|iPhone.Build.0 = Debug|Any CPU
		{B804F04E-541E-4BEE-AD3F-306FC847C76F}.Debug|iPhone.Deploy.0 = Debug|Any CPU
		{B804F04E-541E-4BEE-AD3F-306FC847C76F}.Debug|iPhoneSimulator.ActiveCfg = Debug|Any CPU
		{B804F04E-541E-4BEE-AD3F-306FC847C76F}.Debug|iPhoneSimulator.Build.0 = Debug|Any CPU
		{B804F04E-541E-4BEE-AD3F-306FC847C76F}.Debug|iPhoneSimulator.Deploy.0 = Debug|Any CPU
		{B804F04E-541E-4BEE-AD3F-306FC847C76F}.Debug|x64.ActiveCfg = Debug|Any CPU
		{B804F04E-541E-4BEE-AD3F-306FC847C76F}.Debug|x64.Build.0 = Debug|Any CPU
		{B804F04E-541E-4BEE-AD3F-306FC847C76F}.Debug|x64.Deploy.0 = Debug|Any CPU
		{B804F04E-541E-4BEE-AD3F-306FC847C76F}.Debug|x86.ActiveCfg = Debug|Any CPU
		{B804F04E-541E-4BEE-AD3F-306FC847C76F}.Debug|x86.Build.0 = Debug|Any CPU
		{B804F04E-541E-4BEE-AD3F-306FC847C76F}.Debug|x86.Deploy.0 = Debug|Any CPU
		{B804F04E-541E-4BEE-AD3F-306FC847C76F}.Release|Any CPU.ActiveCfg = Release|Any CPU
		{B804F04E-541E-4BEE-AD3F-306FC847C76F}.Release|Any CPU.Build.0 = Release|Any CPU
		{B804F04E-541E-4BEE-AD3F-306FC847C76F}.Release|Any CPU.Deploy.0 = Release|Any CPU
		{B804F04E-541E-4BEE-AD3F-306FC847C76F}.Release|ARM.ActiveCfg = Release|Any CPU
		{B804F04E-541E-4BEE-AD3F-306FC847C76F}.Release|ARM.Build.0 = Release|Any CPU
		{B804F04E-541E-4BEE-AD3F-306FC847C76F}.Release|ARM.Deploy.0 = Release|Any CPU
		{B804F04E-541E-4BEE-AD3F-306FC847C76F}.Release|iPhone.ActiveCfg = Release|Any CPU
		{B804F04E-541E-4BEE-AD3F-306FC847C76F}.Release|iPhone.Build.0 = Release|Any CPU
		{B804F04E-541E-4BEE-AD3F-306FC847C76F}.Release|iPhone.Deploy.0 = Release|Any CPU
		{B804F04E-541E-4BEE-AD3F-306FC847C76F}.Release|iPhoneSimulator.ActiveCfg = Release|Any CPU
		{B804F04E-541E-4BEE-AD3F-306FC847C76F}.Release|iPhoneSimulator.Build.0 = Release|Any CPU
		{B804F04E-541E-4BEE-AD3F-306FC847C76F}.Release|iPhoneSimulator.Deploy.0 = Release|Any CPU
		{B804F04E-541E-4BEE-AD3F-306FC847C76F}.Release|x64.ActiveCfg = Release|Any CPU
		{B804F04E-541E-4BEE-AD3F-306FC847C76F}.Release|x64.Build.0 = Release|Any CPU
		{B804F04E-541E-4BEE-AD3F-306FC847C76F}.Release|x64.Deploy.0 = Release|Any CPU
		{B804F04E-541E-4BEE-AD3F-306FC847C76F}.Release|x86.ActiveCfg = Release|Any CPU
		{B804F04E-541E-4BEE-AD3F-306FC847C76F}.Release|x86.Build.0 = Release|Any CPU
		{B804F04E-541E-4BEE-AD3F-306FC847C76F}.Release|x86.Deploy.0 = Release|Any CPU
	EndGlobalSection
	GlobalSection(SolutionProperties) = preSolution
		HideSolutionNode = FALSE
	EndGlobalSection
	GlobalSection(ExtensibilityGlobals) = postSolution
		SolutionGuid = {30FF9758-D0D5-41EC-87E5-29AB6DA7FEF5}
	EndGlobalSection
EndGlobal
